
Microsoft Visual Studio Solution File, Format Version 12.00
# Visual Studio 2012
Project("{FAE04EC0-301F-11D3-BF4B-00C04F79EFBC}") = "DDD.Sandbox", "DDD.Sandbox\DDD.Sandbox.csproj", "{0CFB19C8-251C-4550-B840-22AAEB9EBDBA}"
EndProject
Global
	GlobalSection(SolutionConfigurationPlatforms) = preSolution
		Debug|Any CPU = Debug|Any CPU
		Release|Any CPU = Release|Any CPU
	EndGlobalSection
	GlobalSection(ProjectConfigurationPlatforms) = postSolution
		{0CFB19C8-251C-4550-B840-22AAEB9EBDBA}.Debug|Any CPU.ActiveCfg = Debug|Any CPU
		{0CFB19C8-251C-4550-B840-22AAEB9EBDBA}.Debug|Any CPU.Build.0 = Debug|Any CPU
		{0CFB19C8-251C-4550-B840-22AAEB9EBDBA}.Release|Any CPU.ActiveCfg = Release|Any CPU
		{0CFB19C8-251C-4550-B840-22AAEB9EBDBA}.Release|Any CPU.Build.0 = Release|Any CPU
	EndGlobalSection
	GlobalSection(SolutionProperties) = preSolution
		HideSolutionNode = FALSE
	EndGlobalSection
EndGlobal
